{
    "_readme": [
        "This file locks the dependencies of your project to a known state",
        "Read more about it at http://getcomposer.org/doc/01-basic-usage.md#composer-lock-the-lock-file",
        "This file is @generated automatically"
    ],
    "hash": "ce84f67f0cd2f7b8e7b96de72a05a956",
    "packages": [
        {
            "name": "aura/installer-default",
            "version": "1.0.0",
            "source": {
                "type": "git",
                "url": "https://github.com/auraphp/installer-default.git",
                "reference": "52f8de3670cc1ef45a916f40f732937436d028c8"
            },
            "dist": {
                "type": "zip",
                "url": "https://api.github.com/repos/auraphp/installer-default/zipball/52f8de3670cc1ef45a916f40f732937436d028c8",
                "reference": "52f8de3670cc1ef45a916f40f732937436d028c8",
                "shasum": ""
            },
            "type": "composer-installer",
            "extra": {
                "class": "Aura\\Composer\\DefaultInstaller"
            },
            "autoload": {
                "psr-0": {
                    "Aura\\Composer\\": "src/"
                }
            },
            "notification-url": "https://packagist.org/downloads/",
            "license": [
                "BSD-2-Clause"
            ],
            "authors": [
                {
                    "name": "Paul M. Jones",
                    "email": "pmjones88@gmail.com",
                    "homepage": "http://paul-m-jones.com"
                }
            ],
            "description": "Installs Aura packages using the Composer defaults.",
            "keywords": [
                "aura",
                "installer"
            ],
            "time": "2012-11-26 21:35:57"
        },
        {
            "name": "aura/session",
            "version": "dev-master",
            "source": {
                "type": "git",
                "url": "https://github.com/auraphp/Aura.Session.git",
                "reference": "8f817ec812eb21d083d76167b7ec4d80a6fca6b0"
            },
            "dist": {
                "type": "zip",
                "url": "https://api.github.com/repos/auraphp/Aura.Session/zipball/8f817ec812eb21d083d76167b7ec4d80a6fca6b0",
                "reference": "8f817ec812eb21d083d76167b7ec4d80a6fca6b0",
                "shasum": ""
            },
            "require": {
                "aura/installer-default": "1.0.*",
                "php": ">=5.4.0"
            },
            "type": "aura-package",
            "autoload": {
                "psr-0": {
                    "Aura\\Session": "src/"
                }
            },
            "notification-url": "https://packagist.org/downloads/",
            "license": [
                "BSD-2-Clause"
            ],
            "authors": [
                {
                    "name": "Paul M. Jones",
                    "email": "pmjones88@gmail.com",
                    "homepage": "http://paul-m-jones.com"
                },
                {
                    "name": "Hari KT",
                    "email": "kthari85@gmail.com",
                    "homepage": "http://harikt.com"
                },
                {
                    "name": "Akihito Koriyama",
                    "email": "akihito.koriyama@gmail.com",
                    "homepage": "http://www.kumasystem.com",
                    "role": "Lead"
                },
                {
                    "name": "Aura.Session Contributors",
                    "homepage": "https://github.com/auraphp/Aura.Session/contributors"
                }
            ],
            "description": "The Aura Session provides session management functionality, including session\nsegments, read-once (\"flash\") values, CSRF tools, and lazy session starting.",
            "homepage": "http://auraphp.com/Aura.Session",
            "keywords": [
                "session",
                "sessions"
            ],
            "time": "2014-05-31 00:00:00"
        },
        {
            "name": "rmccue/requests",
            "version": "dev-master",
            "source": {
                "type": "git",
                "url": "https://github.com/rmccue/Requests.git",
                "reference": "b398534f8e77bd6a51b7c0e79236bfd6152b8247"
            },
            "dist": {
                "type": "zip",
                "url": "https://api.github.com/repos/rmccue/Requests/zipball/b398534f8e77bd6a51b7c0e79236bfd6152b8247",
                "reference": "b398534f8e77bd6a51b7c0e79236bfd6152b8247",
                "shasum": ""
            },
            "require": {
                "php": ">=5.2"
            },
            "require-dev": {
                "requests/test-server": "dev-master",
                "satooshi/php-coveralls": "dev-master"
            },
            "type": "library",
            "autoload": {
                "psr-0": {
                    "Requests": "library/"
                }
            },
            "notification-url": "https://packagist.org/downloads/",
            "license": [
                "ISC"
            ],
            "authors": [
                {
                    "name": "Ryan McCue",
                    "homepage": "http://ryanmccue.info"
                }
            ],
            "description": "A HTTP library written in PHP, for human beings.",
            "homepage": "http://github.com/rmccue/Requests",
            "keywords": [
                "curl",
                "fsockopen",
                "http",
                "idna",
                "ipv6",
                "iri",
                "sockets"
            ],
            "time": "2014-05-18 05:10:05"
        }
    ],
    "packages-dev": [],
    "aliases": [],
    "minimum-stability": "dev",
    "stability-flags": {
        "aura/session": 20
    },
    "prefer-stable": false,
    "platform": [],
    "platform-dev": []
}
